// !$*UTF8*$!
{
	archiveVersion = 1;
	classes = {
	};
	objectVersion = 48;
	objects = {

/* Begin PBXBuildFile section */
		A3EAC1CC5E991AA4FE9D8A20 /* Pods_Hackathon.framework in Frameworks */ = {isa = PBXBuildFile; fileRef = 995006EF039040A202D91D2D /* Pods_Hackathon.framework */; };
		BB52C8061F86376800CC61D7 /* ExoTableViewController.swift in Sources */ = {isa = PBXBuildFile; fileRef = BB52C8041F86376800CC61D7 /* ExoTableViewController.swift */; };
		BB52C8071F86376800CC61D7 /* ExoTableViewController.xib in Resources */ = {isa = PBXBuildFile; fileRef = BB52C8051F86376800CC61D7 /* ExoTableViewController.xib */; };
		BB52C80A1F8637C100CC61D7 /* ExoViewController.swift in Sources */ = {isa = PBXBuildFile; fileRef = BB52C8081F8637C100CC61D7 /* ExoViewController.swift */; };
		BB52C80B1F8637C100CC61D7 /* ExoViewController.xib in Resources */ = {isa = PBXBuildFile; fileRef = BB52C8091F8637C100CC61D7 /* ExoViewController.xib */; };
		BB52C80E1F863E4100CC61D7 /* ExoTableViewCell.swift in Sources */ = {isa = PBXBuildFile; fileRef = BB52C80C1F863E4100CC61D7 /* ExoTableViewCell.swift */; };
		BB52C80F1F863E4100CC61D7 /* ExoTableViewCell.xib in Resources */ = {isa = PBXBuildFile; fileRef = BB52C80D1F863E4100CC61D7 /* ExoTableViewCell.xib */; };
		BB52C8121F863F3500CC61D7 /* ExoCollectionViewCell.swift in Sources */ = {isa = PBXBuildFile; fileRef = BB52C8101F863F3500CC61D7 /* ExoCollectionViewCell.swift */; };
		BB52C8131F863F3500CC61D7 /* ExoCollectionViewCell.xib in Resources */ = {isa = PBXBuildFile; fileRef = BB52C8111F863F3500CC61D7 /* ExoCollectionViewCell.xib */; };
		BB52C8171F864BF000CC61D7 /* NavigationViewController.swift in Sources */ = {isa = PBXBuildFile; fileRef = BB52C8161F864BF000CC61D7 /* NavigationViewController.swift */; };
		BB52C8191F865BCB00CC61D7 /* BaseCell.swift in Sources */ = {isa = PBXBuildFile; fileRef = BB52C8181F865BCB00CC61D7 /* BaseCell.swift */; };
		BBF31A901F8532D100EAF842 /* CellView.swift in Sources */ = {isa = PBXBuildFile; fileRef = BBF31A8E1F8532D100EAF842 /* CellView.swift */; };
		BBF31A911F8532D100EAF842 /* CellView.xib in Resources */ = {isa = PBXBuildFile; fileRef = BBF31A8F1F8532D100EAF842 /* CellView.xib */; };
		BBFEE8D81F8669C400FBD945 /* ComposeBar.swift in Sources */ = {isa = PBXBuildFile; fileRef = BBFEE8D71F8669C400FBD945 /* ComposeBar.swift */; };
		BBFEE8DC1F8675BC00FBD945 /* ClasseViewController.swift in Sources */ = {isa = PBXBuildFile; fileRef = BBFEE8DA1F8675BC00FBD945 /* ClasseViewController.swift */; };
		BBFEE8DD1F8675BC00FBD945 /* ClasseViewController.xib in Resources */ = {isa = PBXBuildFile; fileRef = BBFEE8DB1F8675BC00FBD945 /* ClasseViewController.xib */; };
		BBFEE8E11F86763F00FBD945 /* CollectionViewCell.swift in Sources */ = {isa = PBXBuildFile; fileRef = BBFEE8DF1F86763F00FBD945 /* CollectionViewCell.swift */; };
		BBFEE8E21F86763F00FBD945 /* CollectionViewCell.xib in Resources */ = {isa = PBXBuildFile; fileRef = BBFEE8E01F86763F00FBD945 /* CollectionViewCell.xib */; };
		BBFEE8E41F86772200FBD945 /* Classe.swift in Sources */ = {isa = PBXBuildFile; fileRef = BBFEE8E31F86772200FBD945 /* Classe.swift */; };
		ED4C7E111F850B5D009E7403 /* AppDelegate.swift in Sources */ = {isa = PBXBuildFile; fileRef = ED4C7E101F850B5D009E7403 /* AppDelegate.swift */; };
		ED4C7E131F850B5D009E7403 /* LoginViewController.swift in Sources */ = {isa = PBXBuildFile; fileRef = ED4C7E121F850B5D009E7403 /* LoginViewController.swift */; };
		ED4C7E161F850B5D009E7403 /* Main.storyboard in Resources */ = {isa = PBXBuildFile; fileRef = ED4C7E141F850B5D009E7403 /* Main.storyboard */; };
		ED4C7E181F850B5D009E7403 /* Assets.xcassets in Resources */ = {isa = PBXBuildFile; fileRef = ED4C7E171F850B5D009E7403 /* Assets.xcassets */; };
		ED4C7E1B1F850B5D009E7403 /* LaunchScreen.storyboard in Resources */ = {isa = PBXBuildFile; fileRef = ED4C7E191F850B5D009E7403 /* LaunchScreen.storyboard */; };
		ED4C7E241F851C4B009E7403 /* SubjectViewController.swift in Sources */ = {isa = PBXBuildFile; fileRef = ED4C7E231F851C4B009E7403 /* SubjectViewController.swift */; };
		ED4C7E2B1F851C93009E7403 /* Utility.swift in Sources */ = {isa = PBXBuildFile; fileRef = ED4C7E2A1F851C93009E7403 /* Utility.swift */; };
		ED4C7E2E1F851CC6009E7403 /* APINetwork.swift in Sources */ = {isa = PBXBuildFile; fileRef = ED4C7E2D1F851CC6009E7403 /* APINetwork.swift */; };
		ED4C7E311F851DA7009E7403 /* Subject.swift in Sources */ = {isa = PBXBuildFile; fileRef = ED4C7E301F851DA7009E7403 /* Subject.swift */; };
		ED4C7E331F851DF8009E7403 /* Lesson.swift in Sources */ = {isa = PBXBuildFile; fileRef = ED4C7E321F851DF8009E7403 /* Lesson.swift */; };
		ED4C7E391F851F44009E7403 /* SubjectView.xib in Resources */ = {isa = PBXBuildFile; fileRef = ED4C7E381F851F44009E7403 /* SubjectView.xib */; };
		ED4C7E3B1F851F58009E7403 /* View.xib in Resources */ = {isa = PBXBuildFile; fileRef = ED4C7E3A1F851F58009E7403 /* View.xib */; };
		ED4C7E3E1F852028009E7403 /* SectionViewController.swift in Sources */ = {isa = PBXBuildFile; fileRef = ED4C7E3C1F852028009E7403 /* SectionViewController.swift */; };
		ED4C7E3F1F852028009E7403 /* SectionViewController.xib in Resources */ = {isa = PBXBuildFile; fileRef = ED4C7E3D1F852028009E7403 /* SectionViewController.xib */; };
		ED4C7E431F852071009E7403 /* QuestionViewController.swift in Sources */ = {isa = PBXBuildFile; fileRef = ED4C7E411F852071009E7403 /* QuestionViewController.swift */; };
		ED4C7E441F852071009E7403 /* QuestionViewController.xib in Resources */ = {isa = PBXBuildFile; fileRef = ED4C7E421F852071009E7403 /* QuestionViewController.xib */; };
		ED4C7E481F85209D009E7403 /* AnswerViewController.swift in Sources */ = {isa = PBXBuildFile; fileRef = ED4C7E461F85209D009E7403 /* AnswerViewController.swift */; };
		ED4C7E491F85209D009E7403 /* AnswerViewController.xib in Resources */ = {isa = PBXBuildFile; fileRef = ED4C7E471F85209D009E7403 /* AnswerViewController.xib */; };
		ED4C7E4D1F8520E3009E7403 /* ExoListViewController.swift in Sources */ = {isa = PBXBuildFile; fileRef = ED4C7E4B1F8520E3009E7403 /* ExoListViewController.swift */; };
		ED4C7E4E1F8520E3009E7403 /* ExoListViewController.xib in Resources */ = {isa = PBXBuildFile; fileRef = ED4C7E4C1F8520E3009E7403 /* ExoListViewController.xib */; };
		ED4C7E571F852130009E7403 /* VideoListViewController.swift in Sources */ = {isa = PBXBuildFile; fileRef = ED4C7E551F852130009E7403 /* VideoListViewController.swift */; };
		ED4C7E581F852130009E7403 /* VideoListViewController.xib in Resources */ = {isa = PBXBuildFile; fileRef = ED4C7E561F852130009E7403 /* VideoListViewController.xib */; };
		ED4C7E5C1F852149009E7403 /* TitleVideoViewController.swift in Sources */ = {isa = PBXBuildFile; fileRef = ED4C7E5A1F852149009E7403 /* TitleVideoViewController.swift */; };
		ED4C7E5D1F852149009E7403 /* TitleVideoViewController.xib in Resources */ = {isa = PBXBuildFile; fileRef = ED4C7E5B1F852149009E7403 /* TitleVideoViewController.xib */; };
		ED4C7E601F852245009E7403 /* Question.swift in Sources */ = {isa = PBXBuildFile; fileRef = ED4C7E5F1F852245009E7403 /* Question.swift */; };
		ED4C7E621F852314009E7403 /* Answer.swift in Sources */ = {isa = PBXBuildFile; fileRef = ED4C7E611F852314009E7403 /* Answer.swift */; };
		ED4C7E641F85237B009E7403 /* Video.swift in Sources */ = {isa = PBXBuildFile; fileRef = ED4C7E631F85237B009E7403 /* Video.swift */; };
		ED4C7E661F852404009E7403 /* Exercice.swift in Sources */ = {isa = PBXBuildFile; fileRef = ED4C7E651F852404009E7403 /* Exercice.swift */; };
		ED4C7E681F8524ED009E7403 /* SessionUser.swift in Sources */ = {isa = PBXBuildFile; fileRef = ED4C7E671F8524ED009E7403 /* SessionUser.swift */; };
/* End PBXBuildFile section */

/* Begin PBXFileReference section */
		2324B8747095957D163AC544 /* Pods-Hackathon.debug.xcconfig */ = {isa = PBXFileReference; includeInIndex = 1; lastKnownFileType = text.xcconfig; name = "Pods-Hackathon.debug.xcconfig"; path = "Pods/Target Support Files/Pods-Hackathon/Pods-Hackathon.debug.xcconfig"; sourceTree = "<group>"; };
		995006EF039040A202D91D2D /* Pods_Hackathon.framework */ = {isa = PBXFileReference; explicitFileType = wrapper.framework; includeInIndex = 0; path = Pods_Hackathon.framework; sourceTree = BUILT_PRODUCTS_DIR; };
		BB52C8041F86376800CC61D7 /* ExoTableViewController.swift */ = {isa = PBXFileReference; lastKnownFileType = sourcecode.swift; path = ExoTableViewController.swift; sourceTree = "<group>"; };
		BB52C8051F86376800CC61D7 /* ExoTableViewController.xib */ = {isa = PBXFileReference; lastKnownFileType = file.xib; path = ExoTableViewController.xib; sourceTree = "<group>"; };
		BB52C8081F8637C100CC61D7 /* ExoViewController.swift */ = {isa = PBXFileReference; lastKnownFileType = sourcecode.swift; path = ExoViewController.swift; sourceTree = "<group>"; };
		BB52C8091F8637C100CC61D7 /* ExoViewController.xib */ = {isa = PBXFileReference; lastKnownFileType = file.xib; path = ExoViewController.xib; sourceTree = "<group>"; };
		BB52C80C1F863E4100CC61D7 /* ExoTableViewCell.swift */ = {isa = PBXFileReference; lastKnownFileType = sourcecode.swift; path = ExoTableViewCell.swift; sourceTree = "<group>"; };
		BB52C80D1F863E4100CC61D7 /* ExoTableViewCell.xib */ = {isa = PBXFileReference; lastKnownFileType = file.xib; path = ExoTableViewCell.xib; sourceTree = "<group>"; };
		BB52C8101F863F3500CC61D7 /* ExoCollectionViewCell.swift */ = {isa = PBXFileReference; lastKnownFileType = sourcecode.swift; path = ExoCollectionViewCell.swift; sourceTree = "<group>"; };
		BB52C8111F863F3500CC61D7 /* ExoCollectionViewCell.xib */ = {isa = PBXFileReference; lastKnownFileType = file.xib; path = ExoCollectionViewCell.xib; sourceTree = "<group>"; };
		BB52C8161F864BF000CC61D7 /* NavigationViewController.swift */ = {isa = PBXFileReference; lastKnownFileType = sourcecode.swift; path = NavigationViewController.swift; sourceTree = "<group>"; };
		BB52C8181F865BCB00CC61D7 /* BaseCell.swift */ = {isa = PBXFileReference; lastKnownFileType = sourcecode.swift; path = BaseCell.swift; sourceTree = "<group>"; };
		BBF31A8E1F8532D100EAF842 /* CellView.swift */ = {isa = PBXFileReference; lastKnownFileType = sourcecode.swift; path = CellView.swift; sourceTree = "<group>"; };
		BBF31A8F1F8532D100EAF842 /* CellView.xib */ = {isa = PBXFileReference; lastKnownFileType = file.xib; path = CellView.xib; sourceTree = "<group>"; };
		BBFEE8D71F8669C400FBD945 /* ComposeBar.swift */ = {isa = PBXFileReference; lastKnownFileType = sourcecode.swift; path = ComposeBar.swift; sourceTree = "<group>"; };
		BBFEE8DA1F8675BC00FBD945 /* ClasseViewController.swift */ = {isa = PBXFileReference; lastKnownFileType = sourcecode.swift; path = ClasseViewController.swift; sourceTree = "<group>"; };
		BBFEE8DB1F8675BC00FBD945 /* ClasseViewController.xib */ = {isa = PBXFileReference; lastKnownFileType = file.xib; path = ClasseViewController.xib; sourceTree = "<group>"; };
		BBFEE8DF1F86763F00FBD945 /* CollectionViewCell.swift */ = {isa = PBXFileReference; lastKnownFileType = sourcecode.swift; path = CollectionViewCell.swift; sourceTree = "<group>"; };
		BBFEE8E01F86763F00FBD945 /* CollectionViewCell.xib */ = {isa = PBXFileReference; lastKnownFileType = file.xib; path = CollectionViewCell.xib; sourceTree = "<group>"; };
		BBFEE8E31F86772200FBD945 /* Classe.swift */ = {isa = PBXFileReference; lastKnownFileType = sourcecode.swift; path = Classe.swift; sourceTree = "<group>"; };
		D7BD14C0BA1E5E2D0BE5145E /* Pods-Hackathon.release.xcconfig */ = {isa = PBXFileReference; includeInIndex = 1; lastKnownFileType = text.xcconfig; name = "Pods-Hackathon.release.xcconfig"; path = "Pods/Target Support Files/Pods-Hackathon/Pods-Hackathon.release.xcconfig"; sourceTree = "<group>"; };
		ED4C7E0D1F850B5D009E7403 /* Hackathon.app */ = {isa = PBXFileReference; explicitFileType = wrapper.application; includeInIndex = 0; path = Hackathon.app; sourceTree = BUILT_PRODUCTS_DIR; };
		ED4C7E101F850B5D009E7403 /* AppDelegate.swift */ = {isa = PBXFileReference; lastKnownFileType = sourcecode.swift; path = AppDelegate.swift; sourceTree = "<group>"; };
		ED4C7E121F850B5D009E7403 /* LoginViewController.swift */ = {isa = PBXFileReference; lastKnownFileType = sourcecode.swift; path = LoginViewController.swift; sourceTree = "<group>"; };
		ED4C7E151F850B5D009E7403 /* Base */ = {isa = PBXFileReference; lastKnownFileType = file.storyboard; name = Base; path = Base.lproj/Main.storyboard; sourceTree = "<group>"; };
		ED4C7E171F850B5D009E7403 /* Assets.xcassets */ = {isa = PBXFileReference; lastKnownFileType = folder.assetcatalog; path = Assets.xcassets; sourceTree = "<group>"; };
		ED4C7E1A1F850B5D009E7403 /* Base */ = {isa = PBXFileReference; lastKnownFileType = file.storyboard; name = Base; path = Base.lproj/LaunchScreen.storyboard; sourceTree = "<group>"; };
		ED4C7E1C1F850B5D009E7403 /* Info.plist */ = {isa = PBXFileReference; lastKnownFileType = text.plist.xml; path = Info.plist; sourceTree = "<group>"; };
		ED4C7E231F851C4B009E7403 /* SubjectViewController.swift */ = {isa = PBXFileReference; lastKnownFileType = sourcecode.swift; path = SubjectViewController.swift; sourceTree = "<group>"; };
		ED4C7E2A1F851C93009E7403 /* Utility.swift */ = {isa = PBXFileReference; lastKnownFileType = sourcecode.swift; path = Utility.swift; sourceTree = "<group>"; };
		ED4C7E2D1F851CC6009E7403 /* APINetwork.swift */ = {isa = PBXFileReference; lastKnownFileType = sourcecode.swift; path = APINetwork.swift; sourceTree = "<group>"; };
		ED4C7E301F851DA7009E7403 /* Subject.swift */ = {isa = PBXFileReference; lastKnownFileType = sourcecode.swift; path = Subject.swift; sourceTree = "<group>"; };
		ED4C7E321F851DF8009E7403 /* Lesson.swift */ = {isa = PBXFileReference; lastKnownFileType = sourcecode.swift; path = Lesson.swift; sourceTree = "<group>"; };
		ED4C7E361F851F25009E7403 /* LessonViewController copy.swift */ = {isa = PBXFileReference; lastKnownFileType = sourcecode.swift; path = "LessonViewController copy.swift"; sourceTree = "<group>"; };
		ED4C7E371F851F25009E7403 /* LessonViewController copy.xib */ = {isa = PBXFileReference; lastKnownFileType = file.xib; path = "LessonViewController copy.xib"; sourceTree = "<group>"; };
		ED4C7E381F851F44009E7403 /* SubjectView.xib */ = {isa = PBXFileReference; lastKnownFileType = file.xib; path = SubjectView.xib; sourceTree = "<group>"; };
		ED4C7E3A1F851F58009E7403 /* View.xib */ = {isa = PBXFileReference; lastKnownFileType = file.xib; path = View.xib; sourceTree = "<group>"; };
		ED4C7E3C1F852028009E7403 /* SectionViewController.swift */ = {isa = PBXFileReference; lastKnownFileType = sourcecode.swift; path = SectionViewController.swift; sourceTree = "<group>"; };
		ED4C7E3D1F852028009E7403 /* SectionViewController.xib */ = {isa = PBXFileReference; lastKnownFileType = file.xib; path = SectionViewController.xib; sourceTree = "<group>"; };
		ED4C7E411F852071009E7403 /* QuestionViewController.swift */ = {isa = PBXFileReference; lastKnownFileType = sourcecode.swift; path = QuestionViewController.swift; sourceTree = "<group>"; };
		ED4C7E421F852071009E7403 /* QuestionViewController.xib */ = {isa = PBXFileReference; lastKnownFileType = file.xib; path = QuestionViewController.xib; sourceTree = "<group>"; };
		ED4C7E461F85209D009E7403 /* AnswerViewController.swift */ = {isa = PBXFileReference; lastKnownFileType = sourcecode.swift; path = AnswerViewController.swift; sourceTree = "<group>"; };
		ED4C7E471F85209D009E7403 /* AnswerViewController.xib */ = {isa = PBXFileReference; lastKnownFileType = file.xib; path = AnswerViewController.xib; sourceTree = "<group>"; };
		ED4C7E4B1F8520E3009E7403 /* ExoListViewController.swift */ = {isa = PBXFileReference; lastKnownFileType = sourcecode.swift; path = ExoListViewController.swift; sourceTree = "<group>"; };
		ED4C7E4C1F8520E3009E7403 /* ExoListViewController.xib */ = {isa = PBXFileReference; lastKnownFileType = file.xib; path = ExoListViewController.xib; sourceTree = "<group>"; };
		ED4C7E551F852130009E7403 /* VideoListViewController.swift */ = {isa = PBXFileReference; lastKnownFileType = sourcecode.swift; path = VideoListViewController.swift; sourceTree = "<group>"; };
		ED4C7E561F852130009E7403 /* VideoListViewController.xib */ = {isa = PBXFileReference; lastKnownFileType = file.xib; path = VideoListViewController.xib; sourceTree = "<group>"; };
		ED4C7E5A1F852149009E7403 /* TitleVideoViewController.swift */ = {isa = PBXFileReference; lastKnownFileType = sourcecode.swift; path = TitleVideoViewController.swift; sourceTree = "<group>"; };
		ED4C7E5B1F852149009E7403 /* TitleVideoViewController.xib */ = {isa = PBXFileReference; lastKnownFileType = file.xib; path = TitleVideoViewController.xib; sourceTree = "<group>"; };
		ED4C7E5F1F852245009E7403 /* Question.swift */ = {isa = PBXFileReference; lastKnownFileType = sourcecode.swift; path = Question.swift; sourceTree = "<group>"; };
		ED4C7E611F852314009E7403 /* Answer.swift */ = {isa = PBXFileReference; lastKnownFileType = sourcecode.swift; path = Answer.swift; sourceTree = "<group>"; };
		ED4C7E631F85237B009E7403 /* Video.swift */ = {isa = PBXFileReference; lastKnownFileType = sourcecode.swift; path = Video.swift; sourceTree = "<group>"; };
		ED4C7E651F852404009E7403 /* Exercice.swift */ = {isa = PBXFileReference; lastKnownFileType = sourcecode.swift; path = Exercice.swift; sourceTree = "<group>"; };
		ED4C7E671F8524ED009E7403 /* SessionUser.swift */ = {isa = PBXFileReference; lastKnownFileType = sourcecode.swift; path = SessionUser.swift; sourceTree = "<group>"; };
/* End PBXFileReference section */

/* Begin PBXFrameworksBuildPhase section */
		ED4C7E0A1F850B5D009E7403 /* Frameworks */ = {
			isa = PBXFrameworksBuildPhase;
			buildActionMask = 2147483647;
			files = (
				A3EAC1CC5E991AA4FE9D8A20 /* Pods_Hackathon.framework in Frameworks */,
			);
			runOnlyForDeploymentPostprocessing = 0;
		};
/* End PBXFrameworksBuildPhase section */

/* Begin PBXGroup section */
		683F72E066A8F74F4322189E /* Pods */ = {
			isa = PBXGroup;
			children = (
				2324B8747095957D163AC544 /* Pods-Hackathon.debug.xcconfig */,
				D7BD14C0BA1E5E2D0BE5145E /* Pods-Hackathon.release.xcconfig */,
			);
			name = Pods;
			sourceTree = "<group>";
		};
		BB52C8021F86371D00CC61D7 /* ExoTableView */ = {
			isa = PBXGroup;
			children = (
				BB52C8041F86376800CC61D7 /* ExoTableViewController.swift */,
				BB52C8051F86376800CC61D7 /* ExoTableViewController.xib */,
				BB52C80C1F863E4100CC61D7 /* ExoTableViewCell.swift */,
				BB52C80D1F863E4100CC61D7 /* ExoTableViewCell.xib */,
			);
			path = ExoTableView;
			sourceTree = "<group>";
		};
		BB52C8031F86373600CC61D7 /* Exo */ = {
			isa = PBXGroup;
			children = (
				BB52C8081F8637C100CC61D7 /* ExoViewController.swift */,
				BB52C8091F8637C100CC61D7 /* ExoViewController.xib */,
				BB52C8101F863F3500CC61D7 /* ExoCollectionViewCell.swift */,
				BB52C8111F863F3500CC61D7 /* ExoCollectionViewCell.xib */,
				BBFEE8D71F8669C400FBD945 /* ComposeBar.swift */,
			);
			path = Exo;
			sourceTree = "<group>";
		};
		BBF31A891F8530FD00EAF842 /* CollectionViewCell */ = {
			isa = PBXGroup;
			children = (
				BBF31A8E1F8532D100EAF842 /* CellView.swift */,
				BBF31A8F1F8532D100EAF842 /* CellView.xib */,
			);
			path = CollectionViewCell;
			sourceTree = "<group>";
		};
		BBFEE8D91F86757500FBD945 /* Classe */ = {
			isa = PBXGroup;
			children = (
				BBFEE8DE1F8675F000FBD945 /* CollectionViewCell */,
				BBFEE8DA1F8675BC00FBD945 /* ClasseViewController.swift */,
				BBFEE8DB1F8675BC00FBD945 /* ClasseViewController.xib */,
			);
			path = Classe;
			sourceTree = "<group>";
		};
		BBFEE8DE1F8675F000FBD945 /* CollectionViewCell */ = {
			isa = PBXGroup;
			children = (
				BBFEE8DF1F86763F00FBD945 /* CollectionViewCell.swift */,
				BBFEE8E01F86763F00FBD945 /* CollectionViewCell.xib */,
			);
			path = CollectionViewCell;
			sourceTree = "<group>";
		};
		ED4C7E041F850B5D009E7403 = {
			isa = PBXGroup;
			children = (
				ED4C7E0F1F850B5D009E7403 /* Hackathon */,
				ED4C7E0E1F850B5D009E7403 /* Products */,
				683F72E066A8F74F4322189E /* Pods */,
				FED9B63D2674E9E199E4D8F0 /* Frameworks */,
			);
			sourceTree = "<group>";
		};
		ED4C7E0E1F850B5D009E7403 /* Products */ = {
			isa = PBXGroup;
			children = (
				ED4C7E0D1F850B5D009E7403 /* Hackathon.app */,
			);
			name = Products;
			sourceTree = "<group>";
		};
		ED4C7E0F1F850B5D009E7403 /* Hackathon */ = {
			isa = PBXGroup;
			children = (
				ED4C7E101F850B5D009E7403 /* AppDelegate.swift */,
				ED4C7E671F8524ED009E7403 /* SessionUser.swift */,
				BB52C8161F864BF000CC61D7 /* NavigationViewController.swift */,
				BB52C8181F865BCB00CC61D7 /* BaseCell.swift */,
				BBFEE8D91F86757500FBD945 /* Classe */,
				ED4C7E401F85202D009E7403 /* Section */,
				ED4C7E2F1F851D82009E7403 /* Model */,
				ED4C7E2C1F851CB2009E7403 /* Network */,
				ED4C7E291F851C79009E7403 /* Utility */,
				ED4C7E281F851C6C009E7403 /* Lesson */,
				ED4C7E251F851C51009E7403 /* Subject */,
				ED4C7E221F850BD8009E7403 /* Login */,
				ED4C7E141F850B5D009E7403 /* Main.storyboard */,
				ED4C7E171F850B5D009E7403 /* Assets.xcassets */,
				ED4C7E191F850B5D009E7403 /* LaunchScreen.storyboard */,
				ED4C7E1C1F850B5D009E7403 /* Info.plist */,
			);
			path = Hackathon;
			sourceTree = "<group>";
		};
		ED4C7E221F850BD8009E7403 /* Login */ = {
			isa = PBXGroup;
			children = (
				ED4C7E121F850B5D009E7403 /* LoginViewController.swift */,
				ED4C7E3A1F851F58009E7403 /* View.xib */,
			);
			path = Login;
			sourceTree = "<group>";
		};
		ED4C7E251F851C51009E7403 /* Subject */ = {
			isa = PBXGroup;
			children = (
				BBF31A891F8530FD00EAF842 /* CollectionViewCell */,
				ED4C7E231F851C4B009E7403 /* SubjectViewController.swift */,
				ED4C7E381F851F44009E7403 /* SubjectView.xib */,
			);
			path = Subject;
			sourceTree = "<group>";
		};
		ED4C7E281F851C6C009E7403 /* Lesson */ = {
			isa = PBXGroup;
			children = (
				ED4C7E371F851F25009E7403 /* LessonViewController copy.xib */,
				ED4C7E361F851F25009E7403 /* LessonViewController copy.swift */,
			);
			path = Lesson;
			sourceTree = "<group>";
		};
		ED4C7E291F851C79009E7403 /* Utility */ = {
			isa = PBXGroup;
			children = (
				ED4C7E2A1F851C93009E7403 /* Utility.swift */,
			);
			path = Utility;
			sourceTree = "<group>";
		};
		ED4C7E2C1F851CB2009E7403 /* Network */ = {
			isa = PBXGroup;
			children = (
				ED4C7E2D1F851CC6009E7403 /* APINetwork.swift */,
			);
			path = Network;
			sourceTree = "<group>";
		};
		ED4C7E2F1F851D82009E7403 /* Model */ = {
			isa = PBXGroup;
			children = (
				ED4C7E301F851DA7009E7403 /* Subject.swift */,
				ED4C7E321F851DF8009E7403 /* Lesson.swift */,
				ED4C7E5F1F852245009E7403 /* Question.swift */,
				ED4C7E651F852404009E7403 /* Exercice.swift */,
				ED4C7E611F852314009E7403 /* Answer.swift */,
				ED4C7E631F85237B009E7403 /* Video.swift */,
				BBFEE8E31F86772200FBD945 /* Classe.swift */,
			);
			path = Model;
			sourceTree = "<group>";
		};
		ED4C7E401F85202D009E7403 /* Section */ = {
			isa = PBXGroup;
			children = (
				ED4C7E591F852135009E7403 /* Video */,
				ED4C7E4F1F8520E7009E7403 /* Exo */,
				ED4C7E451F852077009E7403 /* Question */,
				ED4C7E3C1F852028009E7403 /* SectionViewController.swift */,
				ED4C7E3D1F852028009E7403 /* SectionViewController.xib */,
			);
			path = Section;
			sourceTree = "<group>";
		};
		ED4C7E451F852077009E7403 /* Question */ = {
			isa = PBXGroup;
			children = (
				ED4C7E411F852071009E7403 /* QuestionViewController.swift */,
				ED4C7E421F852071009E7403 /* QuestionViewController.xib */,
				ED4C7E4A1F8520A1009E7403 /* Answer */,
			);
			name = Question;
			path = "New Group";
			sourceTree = "<group>";
		};
		ED4C7E4A1F8520A1009E7403 /* Answer */ = {
			isa = PBXGroup;
			children = (
				ED4C7E461F85209D009E7403 /* AnswerViewController.swift */,
				ED4C7E471F85209D009E7403 /* AnswerViewController.xib */,
			);
			path = Answer;
			sourceTree = "<group>";
		};
		ED4C7E4F1F8520E7009E7403 /* Exo */ = {
			isa = PBXGroup;
			children = (
				ED4C7E4B1F8520E3009E7403 /* ExoListViewController.swift */,
				ED4C7E4C1F8520E3009E7403 /* ExoListViewController.xib */,
				BB52C8021F86371D00CC61D7 /* ExoTableView */,
				BB52C8031F86373600CC61D7 /* Exo */,
			);
			path = Exo;
			sourceTree = "<group>";
		};
		ED4C7E591F852135009E7403 /* Video */ = {
			isa = PBXGroup;
			children = (
				ED4C7E551F852130009E7403 /* VideoListViewController.swift */,
				ED4C7E561F852130009E7403 /* VideoListViewController.xib */,
				ED4C7E5E1F85214E009E7403 /* TitleVideo */,
			);
			path = Video;
			sourceTree = "<group>";
		};
		ED4C7E5E1F85214E009E7403 /* TitleVideo */ = {
			isa = PBXGroup;
			children = (
				ED4C7E5A1F852149009E7403 /* TitleVideoViewController.swift */,
				ED4C7E5B1F852149009E7403 /* TitleVideoViewController.xib */,
			);
			path = TitleVideo;
			sourceTree = "<group>";
		};
		FED9B63D2674E9E199E4D8F0 /* Frameworks */ = {
			isa = PBXGroup;
			children = (
				995006EF039040A202D91D2D /* Pods_Hackathon.framework */,
			);
			name = Frameworks;
			sourceTree = "<group>";
		};
/* End PBXGroup section */

/* Begin PBXNativeTarget section */
		ED4C7E0C1F850B5D009E7403 /* Hackathon */ = {
			isa = PBXNativeTarget;
			buildConfigurationList = ED4C7E1F1F850B5E009E7403 /* Build configuration list for PBXNativeTarget "Hackathon" */;
			buildPhases = (
				F7FFC21A84F2DB4CEEC7A70C /* [CP] Check Pods Manifest.lock */,
				ED4C7E091F850B5D009E7403 /* Sources */,
				ED4C7E0A1F850B5D009E7403 /* Frameworks */,
				ED4C7E0B1F850B5D009E7403 /* Resources */,
				EC34EFEB6B4E5183477B5EB1 /* [CP] Embed Pods Frameworks */,
				13EE3F699F2CA5E6EE5A2F1F /* [CP] Copy Pods Resources */,
			);
			buildRules = (
			);
			dependencies = (
			);
			name = Hackathon;
			productName = Hackathon;
			productReference = ED4C7E0D1F850B5D009E7403 /* Hackathon.app */;
			productType = "com.apple.product-type.application";
		};
/* End PBXNativeTarget section */

/* Begin PBXProject section */
		ED4C7E051F850B5D009E7403 /* Project object */ = {
			isa = PBXProject;
			attributes = {
				LastSwiftUpdateCheck = 0900;
				LastUpgradeCheck = 0900;
				ORGANIZATIONNAME = "Henri Gil";
				TargetAttributes = {
					ED4C7E0C1F850B5D009E7403 = {
						CreatedOnToolsVersion = 9.0;
						ProvisioningStyle = Automatic;
					};
				};
			};
			buildConfigurationList = ED4C7E081F850B5D009E7403 /* Build configuration list for PBXProject "Hackathon" */;
			compatibilityVersion = "Xcode 8.0";
			developmentRegion = en;
			hasScannedForEncodings = 0;
			knownRegions = (
				en,
				Base,
			);
			mainGroup = ED4C7E041F850B5D009E7403;
			productRefGroup = ED4C7E0E1F850B5D009E7403 /* Products */;
			projectDirPath = "";
			projectRoot = "";
			targets = (
				ED4C7E0C1F850B5D009E7403 /* Hackathon */,
			);
		};
/* End PBXProject section */

/* Begin PBXResourcesBuildPhase section */
		ED4C7E0B1F850B5D009E7403 /* Resources */ = {
			isa = PBXResourcesBuildPhase;
			buildActionMask = 2147483647;
			files = (
				BBF31A911F8532D100EAF842 /* CellView.xib in Resources */,
				BB52C8071F86376800CC61D7 /* ExoTableViewController.xib in Resources */,
				BBFEE8DD1F8675BC00FBD945 /* ClasseViewController.xib in Resources */,
				ED4C7E491F85209D009E7403 /* AnswerViewController.xib in Resources */,
				ED4C7E1B1F850B5D009E7403 /* LaunchScreen.storyboard in Resources */,
				ED4C7E3B1F851F58009E7403 /* View.xib in Resources */,
				BB52C80B1F8637C100CC61D7 /* ExoViewController.xib in Resources */,
				ED4C7E3F1F852028009E7403 /* SectionViewController.xib in Resources */,
				BBFEE8E21F86763F00FBD945 /* CollectionViewCell.xib in Resources */,
				ED4C7E5D1F852149009E7403 /* TitleVideoViewController.xib in Resources */,
				ED4C7E4E1F8520E3009E7403 /* ExoListViewController.xib in Resources */,
				ED4C7E181F850B5D009E7403 /* Assets.xcassets in Resources */,
				ED4C7E581F852130009E7403 /* VideoListViewController.xib in Resources */,
				ED4C7E441F852071009E7403 /* QuestionViewController.xib in Resources */,
				ED4C7E161F850B5D009E7403 /* Main.storyboard in Resources */,
				BB52C8131F863F3500CC61D7 /* ExoCollectionViewCell.xib in Resources */,
				ED4C7E391F851F44009E7403 /* SubjectView.xib in Resources */,
				BB52C80F1F863E4100CC61D7 /* ExoTableViewCell.xib in Resources */,
			);
			runOnlyForDeploymentPostprocessing = 0;
		};
/* End PBXResourcesBuildPhase section */

/* Begin PBXShellScriptBuildPhase section */
		13EE3F699F2CA5E6EE5A2F1F /* [CP] Copy Pods Resources */ = {
			isa = PBXShellScriptBuildPhase;
			buildActionMask = 2147483647;
			files = (
			);
			inputPaths = (
			);
			name = "[CP] Copy Pods Resources";
			outputPaths = (
			);
			runOnlyForDeploymentPostprocessing = 0;
			shellPath = /bin/sh;
			shellScript = "\"${SRCROOT}/Pods/Target Support Files/Pods-Hackathon/Pods-Hackathon-resources.sh\"\n";
			showEnvVarsInLog = 0;
		};
		EC34EFEB6B4E5183477B5EB1 /* [CP] Embed Pods Frameworks */ = {
			isa = PBXShellScriptBuildPhase;
			buildActionMask = 2147483647;
			files = (
			);
			inputPaths = (
				"${SRCROOT}/Pods/Target Support Files/Pods-Hackathon/Pods-Hackathon-frameworks.sh",
				"${BUILT_PRODUCTS_DIR}/Alamofire/Alamofire.framework",
				"${BUILT_PRODUCTS_DIR}/ChameleonFramework/ChameleonFramework.framework",
				"${BUILT_PRODUCTS_DIR}/FontAwesome.swift/FontAwesome_swift.framework",
				"${BUILT_PRODUCTS_DIR}/IQKeyboardManagerSwift/IQKeyboardManagerSwift.framework",
				"${BUILT_PRODUCTS_DIR}/NVActivityIndicatorView/NVActivityIndicatorView.framework",
				"${BUILT_PRODUCTS_DIR}/SDWebImage/SDWebImage.framework",
				"${BUILT_PRODUCTS_DIR}/Spring/Spring.framework",
			);
			name = "[CP] Embed Pods Frameworks";
			outputPaths = (
				"${TARGET_BUILD_DIR}/${FRAMEWORKS_FOLDER_PATH}/Alamofire.framework",
				"${TARGET_BUILD_DIR}/${FRAMEWORKS_FOLDER_PATH}/ChameleonFramework.framework",
				"${TARGET_BUILD_DIR}/${FRAMEWORKS_FOLDER_PATH}/FontAwesome_swift.framework",
				"${TARGET_BUILD_DIR}/${FRAMEWORKS_FOLDER_PATH}/IQKeyboardManagerSwift.framework",
				"${TARGET_BUILD_DIR}/${FRAMEWORKS_FOLDER_PATH}/NVActivityIndicatorView.framework",
				"${TARGET_BUILD_DIR}/${FRAMEWORKS_FOLDER_PATH}/SDWebImage.framework",
				"${TARGET_BUILD_DIR}/${FRAMEWORKS_FOLDER_PATH}/Spring.framework",
			);
			runOnlyForDeploymentPostprocessing = 0;
			shellPath = /bin/sh;
			shellScript = "\"${SRCROOT}/Pods/Target Support Files/Pods-Hackathon/Pods-Hackathon-frameworks.sh\"\n";
			showEnvVarsInLog = 0;
		};
		F7FFC21A84F2DB4CEEC7A70C /* [CP] Check Pods Manifest.lock */ = {
			isa = PBXShellScriptBuildPhase;
			buildActionMask = 2147483647;
			files = (
			);
			inputPaths = (
				"${PODS_PODFILE_DIR_PATH}/Podfile.lock",
				"${PODS_ROOT}/Manifest.lock",
			);
			name = "[CP] Check Pods Manifest.lock";
			outputPaths = (
				"$(DERIVED_FILE_DIR)/Pods-Hackathon-checkManifestLockResult.txt",
			);
			runOnlyForDeploymentPostprocessing = 0;
			shellPath = /bin/sh;
			shellScript = "diff \"${PODS_PODFILE_DIR_PATH}/Podfile.lock\" \"${PODS_ROOT}/Manifest.lock\" > /dev/null\nif [ $? != 0 ] ; then\n    # print error to STDERR\n    echo \"error: The sandbox is not in sync with the Podfile.lock. Run 'pod install' or update your CocoaPods installation.\" >&2\n    exit 1\nfi\n# This output is used by Xcode 'outputs' to avoid re-running this script phase.\necho \"SUCCESS\" > \"${SCRIPT_OUTPUT_FILE_0}\"\n";
			showEnvVarsInLog = 0;
		};
/* End PBXShellScriptBuildPhase section */

/* Begin PBXSourcesBuildPhase section */
		ED4C7E091F850B5D009E7403 /* Sources */ = {
			isa = PBXSourcesBuildPhase;
			buildActionMask = 2147483647;
			files = (
				BBFEE8D81F8669C400FBD945 /* ComposeBar.swift in Sources */,
				BB52C8171F864BF000CC61D7 /* NavigationViewController.swift in Sources */,
				BBFEE8DC1F8675BC00FBD945 /* ClasseViewController.swift in Sources */,
				ED4C7E601F852245009E7403 /* Question.swift in Sources */,
				ED4C7E2B1F851C93009E7403 /* Utility.swift in Sources */,
				ED4C7E4D1F8520E3009E7403 /* ExoListViewController.swift in Sources */,
				ED4C7E661F852404009E7403 /* Exercice.swift in Sources */,
				ED4C7E311F851DA7009E7403 /* Subject.swift in Sources */,
				BB52C80E1F863E4100CC61D7 /* ExoTableViewCell.swift in Sources */,
				ED4C7E481F85209D009E7403 /* AnswerViewController.swift in Sources */,
				BBFEE8E11F86763F00FBD945 /* CollectionViewCell.swift in Sources */,
				BBFEE8E41F86772200FBD945 /* Classe.swift in Sources */,
				ED4C7E571F852130009E7403 /* VideoListViewController.swift in Sources */,
				BB52C80A1F8637C100CC61D7 /* ExoViewController.swift in Sources */,
				BB52C8121F863F3500CC61D7 /* ExoCollectionViewCell.swift in Sources */,
				ED4C7E621F852314009E7403 /* Answer.swift in Sources */,
				ED4C7E3E1F852028009E7403 /* SectionViewController.swift in Sources */,
				ED4C7E331F851DF8009E7403 /* Lesson.swift in Sources */,
				ED4C7E681F8524ED009E7403 /* SessionUser.swift in Sources */,
				ED4C7E131F850B5D009E7403 /* LoginViewController.swift in Sources */,
				ED4C7E641F85237B009E7403 /* Video.swift in Sources */,
				ED4C7E5C1F852149009E7403 /* TitleVideoViewController.swift in Sources */,
				ED4C7E241F851C4B009E7403 /* SubjectViewController.swift in Sources */,
				ED4C7E111F850B5D009E7403 /* AppDelegate.swift in Sources */,
				BB52C8061F86376800CC61D7 /* ExoTableViewController.swift in Sources */,
				ED4C7E2E1F851CC6009E7403 /* APINetwork.swift in Sources */,
				ED4C7E431F852071009E7403 /* QuestionViewController.swift in Sources */,
				BB52C8191F865BCB00CC61D7 /* BaseCell.swift in Sources */,
				BBF31A901F8532D100EAF842 /* CellView.swift in Sources */,
			);
			runOnlyForDeploymentPostprocessing = 0;
		};
/* End PBXSourcesBuildPhase section */

/* Begin PBXVariantGroup section */
		ED4C7E141F850B5D009E7403 /* Main.storyboard */ = {
			isa = PBXVariantGroup;
			children = (
				ED4C7E151F850B5D009E7403 /* Base */,
			);
			name = Main.storyboard;
			sourceTree = "<group>";
		};
		ED4C7E191F850B5D009E7403 /* LaunchScreen.storyboard */ = {
			isa = PBXVariantGroup;
			children = (
				ED4C7E1A1F850B5D009E7403 /* Base */,
			);
			name = LaunchScreen.storyboard;
			sourceTree = "<group>";
		};
/* End PBXVariantGroup section */

/* Begin XCBuildConfiguration section */
		ED4C7E1D1F850B5D009E7403 /* Debug */ = {
			isa = XCBuildConfiguration;
			buildSettings = {
				ALWAYS_SEARCH_USER_PATHS = NO;
				CLANG_ANALYZER_NONNULL = YES;
				CLANG_ANALYZER_NUMBER_OBJECT_CONVERSION = YES_AGGRESSIVE;
				CLANG_CXX_LANGUAGE_STANDARD = "gnu++14";
				CLANG_CXX_LIBRARY = "libc++";
				CLANG_ENABLE_MODULES = YES;
				CLANG_ENABLE_OBJC_ARC = YES;
				CLANG_WARN_BLOCK_CAPTURE_AUTORELEASING = YES;
				CLANG_WARN_BOOL_CONVERSION = YES;
				CLANG_WARN_COMMA = YES;
				CLANG_WARN_CONSTANT_CONVERSION = YES;
				CLANG_WARN_DIRECT_OBJC_ISA_USAGE = YES_ERROR;
				CLANG_WARN_DOCUMENTATION_COMMENTS = YES;
				CLANG_WARN_EMPTY_BODY = YES;
				CLANG_WARN_ENUM_CONVERSION = YES;
				CLANG_WARN_INFINITE_RECURSION = YES;
				CLANG_WARN_INT_CONVERSION = YES;
				CLANG_WARN_NON_LITERAL_NULL_CONVERSION = YES;
				CLANG_WARN_OBJC_LITERAL_CONVERSION = YES;
				CLANG_WARN_OBJC_ROOT_CLASS = YES_ERROR;
				CLANG_WARN_RANGE_LOOP_ANALYSIS = YES;
				CLANG_WARN_STRICT_PROTOTYPES = YES;
				CLANG_WARN_SUSPICIOUS_MOVE = YES;
				CLANG_WARN_UNGUARDED_AVAILABILITY = YES_AGGRESSIVE;
				CLANG_WARN_UNREACHABLE_CODE = YES;
				CLANG_WARN__DUPLICATE_METHOD_MATCH = YES;
				CODE_SIGN_IDENTITY = "iPhone Developer";
				COPY_PHASE_STRIP = NO;
				DEBUG_INFORMATION_FORMAT = dwarf;
				ENABLE_STRICT_OBJC_MSGSEND = YES;
				ENABLE_TESTABILITY = YES;
				GCC_C_LANGUAGE_STANDARD = gnu11;
				GCC_DYNAMIC_NO_PIC = NO;
				GCC_NO_COMMON_BLOCKS = YES;
				GCC_OPTIMIZATION_LEVEL = 0;
				GCC_PREPROCESSOR_DEFINITIONS = (
					"DEBUG=1",
					"$(inherited)",
				);
				GCC_WARN_64_TO_32_BIT_CONVERSION = YES;
				GCC_WARN_ABOUT_RETURN_TYPE = YES_ERROR;
				GCC_WARN_UNDECLARED_SELECTOR = YES;
				GCC_WARN_UNINITIALIZED_AUTOS = YES_AGGRESSIVE;
				GCC_WARN_UNUSED_FUNCTION = YES;
				GCC_WARN_UNUSED_VARIABLE = YES;
				IPHONEOS_DEPLOYMENT_TARGET = 11.0;
				MTL_ENABLE_DEBUG_INFO = YES;
				ONLY_ACTIVE_ARCH = YES;
				SDKROOT = iphoneos;
				SWIFT_ACTIVE_COMPILATION_CONDITIONS = DEBUG;
				SWIFT_OPTIMIZATION_LEVEL = "-Onone";
			};
			name = Debug;
		};
		ED4C7E1E1F850B5D009E7403 /* Release */ = {
			isa = XCBuildConfiguration;
			buildSettings = {
				ALWAYS_SEARCH_USER_PATHS = NO;
				CLANG_ANALYZER_NONNULL = YES;
				CLANG_ANALYZER_NUMBER_OBJECT_CONVERSION = YES_AGGRESSIVE;
				CLANG_CXX_LANGUAGE_STANDARD = "gnu++14";
				CLANG_CXX_LIBRARY = "libc++";
				CLANG_ENABLE_MODULES = YES;
				CLANG_ENABLE_OBJC_ARC = YES;
				CLANG_WARN_BLOCK_CAPTURE_AUTORELEASING = YES;
				CLANG_WARN_BOOL_CONVERSION = YES;
				CLANG_WARN_COMMA = YES;
				CLANG_WARN_CONSTANT_CONVERSION = YES;
				CLANG_WARN_DIRECT_OBJC_ISA_USAGE = YES_ERROR;
				CLANG_WARN_DOCUMENTATION_COMMENTS = YES;
				CLANG_WARN_EMPTY_BODY = YES;
				CLANG_WARN_ENUM_CONVERSION = YES;
				CLANG_WARN_INFINITE_RECURSION = YES;
				CLANG_WARN_INT_CONVERSION = YES;
				CLANG_WARN_NON_LITERAL_NULL_CONVERSION = YES;
				CLANG_WARN_OBJC_LITERAL_CONVERSION = YES;
				CLANG_WARN_OBJC_ROOT_CLASS = YES_ERROR;
				CLANG_WARN_RANGE_LOOP_ANALYSIS = YES;
				CLANG_WARN_STRICT_PROTOTYPES = YES;
				CLANG_WARN_SUSPICIOUS_MOVE = YES;
				CLANG_WARN_UNGUARDED_AVAILABILITY = YES_AGGRESSIVE;
				CLANG_WARN_UNREACHABLE_CODE = YES;
				CLANG_WARN__DUPLICATE_METHOD_MATCH = YES;
				CODE_SIGN_IDENTITY = "iPhone Developer";
				COPY_PHASE_STRIP = NO;
				DEBUG_INFORMATION_FORMAT = "dwarf-with-dsym";
				ENABLE_NS_ASSERTIONS = NO;
				ENABLE_STRICT_OBJC_MSGSEND = YES;
				GCC_C_LANGUAGE_STANDARD = gnu11;
				GCC_NO_COMMON_BLOCKS = YES;
				GCC_WARN_64_TO_32_BIT_CONVERSION = YES;
				GCC_WARN_ABOUT_RETURN_TYPE = YES_ERROR;
				GCC_WARN_UNDECLARED_SELECTOR = YES;
				GCC_WARN_UNINITIALIZED_AUTOS = YES_AGGRESSIVE;
				GCC_WARN_UNUSED_FUNCTION = YES;
				GCC_WARN_UNUSED_VARIABLE = YES;
				IPHONEOS_DEPLOYMENT_TARGET = 11.0;
				MTL_ENABLE_DEBUG_INFO = NO;
				SDKROOT = iphoneos;
				SWIFT_OPTIMIZATION_LEVEL = "-Owholemodule";
				VALIDATE_PRODUCT = YES;
			};
			name = Release;
		};
		ED4C7E201F850B5E009E7403 /* Debug */ = {
			isa = XCBuildConfiguration;
			baseConfigurationReference = 2324B8747095957D163AC544 /* Pods-Hackathon.debug.xcconfig */;
			buildSettings = {
				ASSETCATALOG_COMPILER_APPICON_NAME = AppIcon;
				CODE_SIGN_STYLE = Automatic;
				DEVELOPMENT_TEAM = 24MA665LVK;
				INFOPLIST_FILE = Hackathon/Info.plist;
				LD_RUNPATH_SEARCH_PATHS = "$(inherited) @executable_path/Frameworks";
				PRODUCT_BUNDLE_IDENTIFIER = hGxL.Hackathon;
				PRODUCT_NAME = "$(TARGET_NAME)";
				SWIFT_VERSION = 4.0;
				TARGETED_DEVICE_FAMILY = "1,2";
			};
			name = Debug;
		};
		ED4C7E211F850B5E009E7403 /* Release */ = {
			isa = XCBuildConfiguration;
			baseConfigurationReference = D7BD14C0BA1E5E2D0BE5145E /* Pods-Hackathon.release.xcconfig */;
			buildSettings = {
				ASSETCATALOG_COMPILER_APPICON_NAME = AppIcon;
				CODE_SIGN_STYLE = Automatic;
				DEVELOPMENT_TEAM = 24MA665LVK;
				INFOPLIST_FILE = Hackathon/Info.plist;
				LD_RUNPATH_SEARCH_PATHS = "$(inherited) @executable_path/Frameworks";
				PRODUCT_BUNDLE_IDENTIFIER = hGxL.Hackathon;
				PRODUCT_NAME = "$(TARGET_NAME)";
				SWIFT_VERSION = 4.0;
				TARGETED_DEVICE_FAMILY = "1,2";
			};
			name = Release;
		};
/* End XCBuildConfiguration section */

/* Begin XCConfigurationList section */
		ED4C7E081F850B5D009E7403 /* Build configuration list for PBXProject "Hackathon" */ = {
			isa = XCConfigurationList;
			buildConfigurations = (
				ED4C7E1D1F850B5D009E7403 /* Debug */,
				ED4C7E1E1F850B5D009E7403 /* Release */,
			);
			defaultConfigurationIsVisible = 0;
			defaultConfigurationName = Release;
		};
		ED4C7E1F1F850B5E009E7403 /* Build configuration list for PBXNativeTarget "Hackathon" */ = {
			isa = XCConfigurationList;
			buildConfigurations = (
				ED4C7E201F850B5E009E7403 /* Debug */,
				ED4C7E211F850B5E009E7403 /* Release */,
			);
			defaultConfigurationIsVisible = 0;
			defaultConfigurationName = Release;
		};
/* End XCConfigurationList section */
	};
	rootObject = ED4C7E051F850B5D009E7403 /* Project object */;
}
